
Microsoft Visual Studio Solution File, Format Version 12.00
# Visual Studio 15
VisualStudioVersion = 15.0.28307.1500
MinimumVisualStudioVersion = 10.0.40219.1
Project("{8BC9CEB8-8B4A-11D0-8D11-00A0C91BC942}") = "QThreadTest", "QThreadTest\QThreadTest.vcxproj", "{F0CB634E-0796-4A9F-B13A-652E8C8814A7}"
EndProject
Global
	GlobalSection(SolutionConfigurationPlatforms) = preSolution
		Debug|x64 = Debug|x64
		Release|x64 = Release|x64
	EndGlobalSection
	GlobalSection(ProjectConfigurationPlatforms) = postSolution
		{F0CB634E-0796-4A9F-B13A-652E8C8814A7}.Debug|x64.ActiveCfg = Debug|x64
		{F0CB634E-0796-4A9F-B13A-652E8C8814A7}.Debug|x64.Build.0 = Debug|x64
		{F0CB634E-0796-4A9F-B13A-652E8C8814A7}.Release|x64.ActiveCfg = Release|x64
		{F0CB634E-0796-4A9F-B13A-652E8C8814A7}.Release|x64.Build.0 = Release|x64
	EndGlobalSection
	GlobalSection(SolutionProperties) = preSolution
		HideSolutionNode = FALSE
	EndGlobalSection
	GlobalSection(ExtensibilityGlobals) = postSolution
		SolutionGuid = {8275E1AC-0AB1-4DD6-9ECE-D1A58B985069}
	EndGlobalSection
EndGlobal
